<Solution>
  <Folder Name="/src/">
    <Project Path="src/Sentinel.Application/Sentinel.Application.csproj" />
    <Project Path="src/Sentinel.Domain/Sentinel.Domain.csproj" />
    <Project Path="src/Sentinel.Infrastructure/Sentinel.Infrastructure.csproj" />
    <Project Path="src/Sentinel.Web/Sentinel.Web.csproj" />
  </Folder>
  <Folder Name="/tests/">
    <Project Path="tests/Sentinel.IntegrationTests/Sentinel.IntegrationTests.csproj" />
    <Project Path="tests/Sentinel.UnitTests/Sentinel.UnitTests.csproj" />
  </Folder>
</Solution>
